<Solution>
  <Folder Name="/src/">
    <Project Path="src/RailReader2/RailReader2.csproj" />
    <Project Path="src/RailReader2.Cli/RailReader2.Cli.csproj" />
    <Project Path="src/Tools/RenderHarness.Headless/RenderHarness.Headless.csproj" />
  </Folder>
  <Folder Name="/tests/">
    <Project Path="tests/RailReader.Export.Tests/RailReader.Export.Tests.csproj" />
  </Folder>
</Solution>
